
Microsoft Visual Studio Solution File, Format Version 12.00
# Visual Studio Version 16
VisualStudioVersion = 16.0.30204.135
MinimumVisualStudioVersion = 10.0.40219.1
Project("{9A19103F-16F7-4668-BE54-9A1E7A4F7556}") = "CadastroClientes.Web", "CadastroClientes\CadastroClientes.Web.csproj", "{9082C693-5ED9-4A21-A8D6-AC5E316E2B4F}"
EndProject
Project("{FAE04EC0-301F-11D3-BF4B-00C04F79EFBC}") = "CadastroClientes.Dominio", "..\CadastroClientes.Dominio\CadastroClientes.Dominio.csproj", "{086347AE-46D5-40B0-8BD7-016EC0583252}"
EndProject
Project("{FAE04EC0-301F-11D3-BF4B-00C04F79EFBC}") = "CadastroClientes.Dados", "..\CadastroClientes.Dados\CadastroClientes.Dados.csproj", "{C504CA58-D8EF-49D1-A821-948A311D99FE}"
EndProject
Global
	GlobalSection(SolutionConfigurationPlatforms) = preSolution
		Debug|Any CPU = Debug|Any CPU
		Release|Any CPU = Release|Any CPU
	EndGlobalSection
	GlobalSection(ProjectConfigurationPlatforms) = postSolution
		{9082C693-5ED9-4A21-A8D6-AC5E316E2B4F}.Debug|Any CPU.ActiveCfg = Debug|Any CPU
		{9082C693-5ED9-4A21-A8D6-AC5E316E2B4F}.Debug|Any CPU.Build.0 = Debug|Any CPU
		{9082C693-5ED9-4A21-A8D6-AC5E316E2B4F}.Release|Any CPU.ActiveCfg = Release|Any CPU
		{9082C693-5ED9-4A21-A8D6-AC5E316E2B4F}.Release|Any CPU.Build.0 = Release|Any CPU
		{086347AE-46D5-40B0-8BD7-016EC0583252}.Debug|Any CPU.ActiveCfg = Debug|Any CPU
		{086347AE-46D5-40B0-8BD7-016EC0583252}.Debug|Any CPU.Build.0 = Debug|Any CPU
		{086347AE-46D5-40B0-8BD7-016EC0583252}.Release|Any CPU.ActiveCfg = Release|Any CPU
		{086347AE-46D5-40B0-8BD7-016EC0583252}.Release|Any CPU.Build.0 = Release|Any CPU
		{C504CA58-D8EF-49D1-A821-948A311D99FE}.Debug|Any CPU.ActiveCfg = Debug|Any CPU
		{C504CA58-D8EF-49D1-A821-948A311D99FE}.Debug|Any CPU.Build.0 = Debug|Any CPU
		{C504CA58-D8EF-49D1-A821-948A311D99FE}.Release|Any CPU.ActiveCfg = Release|Any CPU
		{C504CA58-D8EF-49D1-A821-948A311D99FE}.Release|Any CPU.Build.0 = Release|Any CPU
	EndGlobalSection
	GlobalSection(SolutionProperties) = preSolution
		HideSolutionNode = FALSE
	EndGlobalSection
	GlobalSection(ExtensibilityGlobals) = postSolution
		SolutionGuid = {CF0A02DD-2040-40AB-A894-3B5AFE5866C2}
	EndGlobalSection
EndGlobal
